
Microsoft Visual Studio Solution File, Format Version 12.00
# Visual Studio Version 17
VisualStudioVersion = 17.13.35919.96 d17.13
MinimumVisualStudioVersion = 10.0.40219.1
Project("{FAE04EC0-301F-11D3-BF4B-00C04F79EFBC}") = "OOP", "OOP\OOP.csproj", "{2A11C4DC-7BEB-4A5B-AAAA-57990CE68E16}"
EndProject
Global
	GlobalSection(SolutionConfigurationPlatforms) = preSolution
		Debug|Any CPU = Debug|Any CPU
		Release|Any CPU = Release|Any CPU
	EndGlobalSection
	GlobalSection(ProjectConfigurationPlatforms) = postSolution
		{2A11C4DC-7BEB-4A5B-AAAA-57990CE68E16}.Debug|Any CPU.ActiveCfg = Debug|Any CPU
		{2A11C4DC-7BEB-4A5B-AAAA-57990CE68E16}.Debug|Any CPU.Build.0 = Debug|Any CPU
		{2A11C4DC-7BEB-4A5B-AAAA-57990CE68E16}.Release|Any CPU.ActiveCfg = Release|Any CPU
		{2A11C4DC-7BEB-4A5B-AAAA-57990CE68E16}.Release|Any CPU.Build.0 = Release|Any CPU
	EndGlobalSection
	GlobalSection(SolutionProperties) = preSolution
		HideSolutionNode = FALSE
	EndGlobalSection
	GlobalSection(ExtensibilityGlobals) = postSolution
		SolutionGuid = {25C4CFDD-F2AB-4E57-8C5C-E3E8BBF306B4}
	EndGlobalSection
EndGlobal
